{
  "lockfileVersion": 1,
  "configVersion": 0,
  "workspaces": {
    "": {
      "name": "the-athanor",
      "devDependencies": {
        "marked": "18.0.10",
      },
    },
    "adapters/omp": {
      "name": "the-athanor-omp",
      "version": "0.9.3",
    },
  },
  "packages": {
    "marked": ["marked@18.0.10", "", { "bin": "bin/marked.js" }, "sha512-FJeH4bRpYoXiggcgriCGItKCSv3xkngJc4QCZ/rkQCogU3VYaLxYJoZl8Nw/b4+x7iij/pd+09mZ6A1dXzpL0A=="],

    "the-athanor-omp": ["the-athanor-omp@workspace:adapters/omp"],
  }
}
